{
    "_meta": {
        "hash": {
            "sha256": "3661ca492268a927848860bd0a8a7816d2b59faf4c49590e22dd6d5116be8a33"
        },
        "host-environment-markers": {
            "implementation_name": "cpython",
            "implementation_version": "3.6.3",
            "os_name": "posix",
            "platform_machine": "x86_64",
            "platform_python_implementation": "CPython",
            "platform_release": "17.3.0",
            "platform_system": "Darwin",
            "platform_version": "Darwin Kernel Version 17.3.0: Thu Nov  9 18:09:22 PST 2017; root:xnu-4570.31.3~1/RELEASE_X86_64",
            "python_full_version": "3.6.3",
            "python_version": "3.6",
            "sys_platform": "darwin"
        },
        "pipfile-spec": 6,
        "requires": {},
        "sources": [
            {
                "name": "pypi",
                "url": "https://pypi.python.org/simple",
                "verify_ssl": true
            }
        ]
    },
    "default": {
        "appnope": {
            "hashes": [],
            "markers": "sys_platform == 'darwin'",
            "version": "==0.1.0"
        },
        "decorator": {
            "hashes": [],
            "version": "==4.2.1"
        },
        "django": {
            "hashes": [],
            "version": "==2.0.1"
        },
        "ipython": {
            "hashes": [],
            "version": "==6.2.1"
        },
        "ipython-genutils": {
            "hashes": [],
            "version": "==0.2.0"
        },
        "jedi": {
            "hashes": [],
            "version": "==0.11.1"
        },
        "parso": {
            "hashes": [],
            "version": "==0.1.1"
        },
        "pexpect": {
            "hashes": [],
            "markers": "sys_platform != 'win32'",
            "version": "==4.3.1"
        },
        "pickleshare": {
            "hashes": [],
            "version": "==0.7.4"
        },
        "prompt-toolkit": {
            "hashes": [],
            "version": "==1.0.15"
        },
        "ptyprocess": {
            "hashes": [],
            "version": "==0.5.2"
        },
        "pygments": {
            "hashes": [],
            "version": "==2.2.0"
        },
        "pytz": {
            "hashes": [],
            "version": "==2017.3"
        },
        "simplegeneric": {
            "hashes": [],
            "version": "==0.8.1"
        },
        "six": {
            "hashes": [],
            "version": "==1.11.0"
        },
        "traitlets": {
            "hashes": [],
            "version": "==4.3.2"
        },
        "wcwidth": {
            "hashes": [],
            "version": "==0.1.7"
        }
    },
    "develop": {}
}
